// !$*UTF8*$!
{
	archiveVersion = 1;
	classes = {
	};
	objectVersion = 46;
	objects = {

/* Begin PBXBuildFile section */
		5F69F5901C3710E500087D8E /* AppDelegate.swift in Sources */ = {isa = PBXBuildFile; fileRef = 5F69F58F1C3710E500087D8E /* AppDelegate.swift */; };
		5F69F5921C3710E500087D8E /* ViewController.swift in Sources */ = {isa = PBXBuildFile; fileRef = 5F69F5911C3710E500087D8E /* ViewController.swift */; };
		5F69F5951C3710E500087D8E /* Main.storyboard in Resources */ = {isa = PBXBuildFile; fileRef = 5F69F5931C3710E500087D8E /* Main.storyboard */; };
		5F69F5981C3710E500087D8E /* recipez.xcdatamodeld in Sources */ = {isa = PBXBuildFile; fileRef = 5F69F5961C3710E500087D8E /* recipez.xcdatamodeld */; };
		5F69F59A1C3710E500087D8E /* Assets.xcassets in Resources */ = {isa = PBXBuildFile; fileRef = 5F69F5991C3710E500087D8E /* Assets.xcassets */; };
		5F69F59D1C3710E500087D8E /* LaunchScreen.storyboard in Resources */ = {isa = PBXBuildFile; fileRef = 5F69F59B1C3710E500087D8E /* LaunchScreen.storyboard */; };
		5F69F5A91C37268D00087D8E /* Recipe+CoreDataProperties.swift in Sources */ = {isa = PBXBuildFile; fileRef = 5F69F5A71C37268D00087D8E /* Recipe+CoreDataProperties.swift */; };
		5F69F5AA1C37268D00087D8E /* Recipe.swift in Sources */ = {isa = PBXBuildFile; fileRef = 5F69F5A81C37268D00087D8E /* Recipe.swift */; };
		5F69F5AE1C372B0D00087D8E /* RecipeCell.swift in Sources */ = {isa = PBXBuildFile; fileRef = 5F69F5AD1C372B0D00087D8E /* RecipeCell.swift */; };
		5F69F5B01C373A6C00087D8E /* CreateRecipeVC.swift in Sources */ = {isa = PBXBuildFile; fileRef = 5F69F5AF1C373A6C00087D8E /* CreateRecipeVC.swift */; };
/* End PBXBuildFile section */

/* Begin PBXFileReference section */
		5F69F58C1C3710E500087D8E /* recipez.app */ = {isa = PBXFileReference; explicitFileType = wrapper.application; includeInIndex = 0; path = recipez.app; sourceTree = BUILT_PRODUCTS_DIR; };
		5F69F58F1C3710E500087D8E /* AppDelegate.swift */ = {isa = PBXFileReference; lastKnownFileType = sourcecode.swift; path = AppDelegate.swift; sourceTree = "<group>"; };
		5F69F5911C3710E500087D8E /* ViewController.swift */ = {isa = PBXFileReference; lastKnownFileType = sourcecode.swift; path = ViewController.swift; sourceTree = "<group>"; };
		5F69F5941C3710E500087D8E /* Base */ = {isa = PBXFileReference; lastKnownFileType = file.storyboard; name = Base; path = Base.lproj/Main.storyboard; sourceTree = "<group>"; };
		5F69F5971C3710E500087D8E /* recipez.xcdatamodel */ = {isa = PBXFileReference; lastKnownFileType = wrapper.xcdatamodel; path = recipez.xcdatamodel; sourceTree = "<group>"; };
		5F69F5991C3710E500087D8E /* Assets.xcassets */ = {isa = PBXFileReference; lastKnownFileType = folder.assetcatalog; path = Assets.xcassets; sourceTree = "<group>"; };
		5F69F59C1C3710E500087D8E /* Base */ = {isa = PBXFileReference; lastKnownFileType = file.storyboard; name = Base; path = Base.lproj/LaunchScreen.storyboard; sourceTree = "<group>"; };
		5F69F59E1C3710E500087D8E /* Info.plist */ = {isa = PBXFileReference; lastKnownFileType = text.plist.xml; path = Info.plist; sourceTree = "<group>"; };
		5F69F5A71C37268D00087D8E /* Recipe+CoreDataProperties.swift */ = {isa = PBXFileReference; fileEncoding = 4; lastKnownFileType = sourcecode.swift; name = "Recipe+CoreDataProperties.swift"; path = "../Recipe+CoreDataProperties.swift"; sourceTree = "<group>"; };
		5F69F5A81C37268D00087D8E /* Recipe.swift */ = {isa = PBXFileReference; fileEncoding = 4; lastKnownFileType = sourcecode.swift; name = Recipe.swift; path = ../Recipe.swift; sourceTree = "<group>"; };
		5F69F5AD1C372B0D00087D8E /* RecipeCell.swift */ = {isa = PBXFileReference; fileEncoding = 4; lastKnownFileType = sourcecode.swift; path = RecipeCell.swift; sourceTree = "<group>"; };
		5F69F5AF1C373A6C00087D8E /* CreateRecipeVC.swift */ = {isa = PBXFileReference; fileEncoding = 4; lastKnownFileType = sourcecode.swift; path = CreateRecipeVC.swift; sourceTree = "<group>"; };
/* End PBXFileReference section */

/* Begin PBXFrameworksBuildPhase section */
		5F69F5891C3710E500087D8E /* Frameworks */ = {
			isa = PBXFrameworksBuildPhase;
			buildActionMask = 2147483647;
			files = (
			);
			runOnlyForDeploymentPostprocessing = 0;
		};
/* End PBXFrameworksBuildPhase section */

/* Begin PBXGroup section */
		5F69F5831C3710E500087D8E = {
			isa = PBXGroup;
			children = (
				5F69F58E1C3710E500087D8E /* recipez */,
				5F69F58D1C3710E500087D8E /* Products */,
			);
			sourceTree = "<group>";
		};
		5F69F58D1C3710E500087D8E /* Products */ = {
			isa = PBXGroup;
			children = (
				5F69F58C1C3710E500087D8E /* recipez.app */,
			);
			name = Products;
			sourceTree = "<group>";
		};
		5F69F58E1C3710E500087D8E /* recipez */ = {
			isa = PBXGroup;
			children = (
				5F69F5A61C37260300087D8E /* Controller */,
				5F69F5A51C3725FC00087D8E /* View */,
				5F69F5A41C3725F100087D8E /* Model */,
				5F69F58F1C3710E500087D8E /* AppDelegate.swift */,
				5F69F5991C3710E500087D8E /* Assets.xcassets */,
				5F69F59E1C3710E500087D8E /* Info.plist */,
				5F69F5961C3710E500087D8E /* recipez.xcdatamodeld */,
			);
			path = recipez;
			sourceTree = "<group>";
		};
		5F69F5A41C3725F100087D8E /* Model */ = {
			isa = PBXGroup;
			children = (
				5F69F5A71C37268D00087D8E /* Recipe+CoreDataProperties.swift */,
				5F69F5A81C37268D00087D8E /* Recipe.swift */,
			);
			name = Model;
			sourceTree = "<group>";
		};
		5F69F5A51C3725FC00087D8E /* View */ = {
			isa = PBXGroup;
			children = (
				5F69F59B1C3710E500087D8E /* LaunchScreen.storyboard */,
				5F69F5931C3710E500087D8E /* Main.storyboard */,
				5F69F5AD1C372B0D00087D8E /* RecipeCell.swift */,
			);
			name = View;
			sourceTree = "<group>";
		};
		5F69F5A61C37260300087D8E /* Controller */ = {
			isa = PBXGroup;
			children = (
				5F69F5911C3710E500087D8E /* ViewController.swift */,
				5F69F5AF1C373A6C00087D8E /* CreateRecipeVC.swift */,
			);
			name = Controller;
			sourceTree = "<group>";
		};
/* End PBXGroup section */

/* Begin PBXNativeTarget section */
		5F69F58B1C3710E500087D8E /* recipez */ = {
			isa = PBXNativeTarget;
			buildConfigurationList = 5F69F5A11C3710E500087D8E /* Build configuration list for PBXNativeTarget "recipez" */;
			buildPhases = (
				5F69F5881C3710E500087D8E /* Sources */,
				5F69F5891C3710E500087D8E /* Frameworks */,
				5F69F58A1C3710E500087D8E /* Resources */,
			);
			buildRules = (
			);
			dependencies = (
			);
			name = recipez;
			productName = recipez;
			productReference = 5F69F58C1C3710E500087D8E /* recipez.app */;
			productType = "com.apple.product-type.application";
		};
/* End PBXNativeTarget section */

/* Begin PBXProject section */
		5F69F5841C3710E500087D8E /* Project object */ = {
			isa = PBXProject;
			attributes = {
				LastSwiftUpdateCheck = 0720;
				LastUpgradeCheck = 0720;
				ORGANIZATIONNAME = "Todd Fields";
				TargetAttributes = {
					5F69F58B1C3710E500087D8E = {
						CreatedOnToolsVersion = 7.2;
					};
				};
			};
			buildConfigurationList = 5F69F5871C3710E500087D8E /* Build configuration list for PBXProject "recipez" */;
			compatibilityVersion = "Xcode 3.2";
			developmentRegion = English;
			hasScannedForEncodings = 0;
			knownRegions = (
				en,
				Base,
			);
			mainGroup = 5F69F5831C3710E500087D8E;
			productRefGroup = 5F69F58D1C3710E500087D8E /* Products */;
			projectDirPath = "";
			projectRoot = "";
			targets = (
				5F69F58B1C3710E500087D8E /* recipez */,
			);
		};
/* End PBXProject section */

/* Begin PBXResourcesBuildPhase section */
		5F69F58A1C3710E500087D8E /* Resources */ = {
			isa = PBXResourcesBuildPhase;
			buildActionMask = 2147483647;
			files = (
				5F69F59D1C3710E500087D8E /* LaunchScreen.storyboard in Resources */,
				5F69F59A1C3710E500087D8E /* Assets.xcassets in Resources */,
				5F69F5951C3710E500087D8E /* Main.storyboard in Resources */,
			);
			runOnlyForDeploymentPostprocessing = 0;
		};
/* End PBXResourcesBuildPhase section */

/* Begin PBXSourcesBuildPhase section */
		5F69F5881C3710E500087D8E /* Sources */ = {
			isa = PBXSourcesBuildPhase;
			buildActionMask = 2147483647;
			files = (
				5F69F5921C3710E500087D8E /* ViewController.swift in Sources */,
				5F69F5A91C37268D00087D8E /* Recipe+CoreDataProperties.swift in Sources */,
				5F69F5901C3710E500087D8E /* AppDelegate.swift in Sources */,
				5F69F5AE1C372B0D00087D8E /* RecipeCell.swift in Sources */,
				5F69F5B01C373A6C00087D8E /* CreateRecipeVC.swift in Sources */,
				5F69F5981C3710E500087D8E /* recipez.xcdatamodeld in Sources */,
				5F69F5AA1C37268D00087D8E /* Recipe.swift in Sources */,
			);
			runOnlyForDeploymentPostprocessing = 0;
		};
/* End PBXSourcesBuildPhase section */

/* Begin PBXVariantGroup section */
		5F69F5931C3710E500087D8E /* Main.storyboard */ = {
			isa = PBXVariantGroup;
			children = (
				5F69F5941C3710E500087D8E /* Base */,
			);
			name = Main.storyboard;
			sourceTree = "<group>";
		};
		5F69F59B1C3710E500087D8E /* LaunchScreen.storyboard */ = {
			isa = PBXVariantGroup;
			children = (
				5F69F59C1C3710E500087D8E /* Base */,
			);
			name = LaunchScreen.storyboard;
			sourceTree = "<group>";
		};
/* End PBXVariantGroup section */

/* Begin XCBuildConfiguration section */
		5F69F59F1C3710E500087D8E /* Debug */ = {
			isa = XCBuildConfiguration;
			buildSettings = {
				ALWAYS_SEARCH_USER_PATHS = NO;
				CLANG_CXX_LANGUAGE_STANDARD = "gnu++0x";
				CLANG_CXX_LIBRARY = "libc++";
				CLANG_ENABLE_MODULES = YES;
				CLANG_ENABLE_OBJC_ARC = YES;
				CLANG_WARN_BOOL_CONVERSION = YES;
				CLANG_WARN_CONSTANT_CONVERSION = YES;
				CLANG_WARN_DIRECT_OBJC_ISA_USAGE = YES_ERROR;
				CLANG_WARN_EMPTY_BODY = YES;
				CLANG_WARN_ENUM_CONVERSION = YES;
				CLANG_WARN_INT_CONVERSION = YES;
				CLANG_WARN_OBJC_ROOT_CLASS = YES_ERROR;
				CLANG_WARN_UNREACHABLE_CODE = YES;
				CLANG_WARN__DUPLICATE_METHOD_MATCH = YES;
				"CODE_SIGN_IDENTITY[sdk=iphoneos*]" = "iPhone Developer";
				COPY_PHASE_STRIP = NO;
				DEBUG_INFORMATION_FORMAT = dwarf;
				ENABLE_STRICT_OBJC_MSGSEND = YES;
				ENABLE_TESTABILITY = YES;
				GCC_C_LANGUAGE_STANDARD = gnu99;
				GCC_DYNAMIC_NO_PIC = NO;
				GCC_NO_COMMON_BLOCKS = YES;
				GCC_OPTIMIZATION_LEVEL = 0;
				GCC_PREPROCESSOR_DEFINITIONS = (
					"DEBUG=1",
					"$(inherited)",
				);
				GCC_WARN_64_TO_32_BIT_CONVERSION = YES;
				GCC_WARN_ABOUT_RETURN_TYPE = YES_ERROR;
				GCC_WARN_UNDECLARED_SELECTOR = YES;
				GCC_WARN_UNINITIALIZED_AUTOS = YES_AGGRESSIVE;
				GCC_WARN_UNUSED_FUNCTION = YES;
				GCC_WARN_UNUSED_VARIABLE = YES;
				IPHONEOS_DEPLOYMENT_TARGET = 9.2;
				MTL_ENABLE_DEBUG_INFO = YES;
				ONLY_ACTIVE_ARCH = YES;
				SDKROOT = iphoneos;
				SWIFT_OPTIMIZATION_LEVEL = "-Onone";
				TARGETED_DEVICE_FAMILY = "1,2";
			};
			name = Debug;
		};
		5F69F5A01C3710E500087D8E /* Release */ = {
			isa = XCBuildConfiguration;
			buildSettings = {
				ALWAYS_SEARCH_USER_PATHS = NO;
				CLANG_CXX_LANGUAGE_STANDARD = "gnu++0x";
				CLANG_CXX_LIBRARY = "libc++";
				CLANG_ENABLE_MODULES = YES;
				CLANG_ENABLE_OBJC_ARC = YES;
				CLANG_WARN_BOOL_CONVERSION = YES;
				CLANG_WARN_CONSTANT_CONVERSION = YES;
				CLANG_WARN_DIRECT_OBJC_ISA_USAGE = YES_ERROR;
				CLANG_WARN_EMPTY_BODY = YES;
				CLANG_WARN_ENUM_CONVERSION = YES;
				CLANG_WARN_INT_CONVERSION = YES;
				CLANG_WARN_OBJC_ROOT_CLASS = YES_ERROR;
				CLANG_WARN_UNREACHABLE_CODE = YES;
				CLANG_WARN__DUPLICATE_METHOD_MATCH = YES;
				"CODE_SIGN_IDENTITY[sdk=iphoneos*]" = "iPhone Developer";
				COPY_PHASE_STRIP = NO;
				DEBUG_INFORMATION_FORMAT = "dwarf-with-dsym";
				ENABLE_NS_ASSERTIONS = NO;
				ENABLE_STRICT_OBJC_MSGSEND = YES;
				GCC_C_LANGUAGE_STANDARD = gnu99;
				GCC_NO_COMMON_BLOCKS = YES;
				GCC_WARN_64_TO_32_BIT_CONVERSION = YES;
				GCC_WARN_ABOUT_RETURN_TYPE = YES_ERROR;
				GCC_WARN_UNDECLARED_SELECTOR = YES;
				GCC_WARN_UNINITIALIZED_AUTOS = YES_AGGRESSIVE;
				GCC_WARN_UNUSED_FUNCTION = YES;
				GCC_WARN_UNUSED_VARIABLE = YES;
				IPHONEOS_DEPLOYMENT_TARGET = 9.2;
				MTL_ENABLE_DEBUG_INFO = NO;
				SDKROOT = iphoneos;
				TARGETED_DEVICE_FAMILY = "1,2";
				VALIDATE_PRODUCT = YES;
			};
			name = Release;
		};
		5F69F5A21C3710E500087D8E /* Debug */ = {
			isa = XCBuildConfiguration;
			buildSettings = {
				ASSETCATALOG_COMPILER_APPICON_NAME = AppIcon;
				INFOPLIST_FILE = recipez/Info.plist;
				LD_RUNPATH_SEARCH_PATHS = "$(inherited) @executable_path/Frameworks";
				PRODUCT_BUNDLE_IDENTIFIER = com.genxos.recipez;
				PRODUCT_NAME = "$(TARGET_NAME)";
			};
			name = Debug;
		};
		5F69F5A31C3710E500087D8E /* Release */ = {
			isa = XCBuildConfiguration;
			buildSettings = {
				ASSETCATALOG_COMPILER_APPICON_NAME = AppIcon;
				INFOPLIST_FILE = recipez/Info.plist;
				LD_RUNPATH_SEARCH_PATHS = "$(inherited) @executable_path/Frameworks";
				PRODUCT_BUNDLE_IDENTIFIER = com.genxos.recipez;
				PRODUCT_NAME = "$(TARGET_NAME)";
			};
			name = Release;
		};
/* End XCBuildConfiguration section */

/* Begin XCConfigurationList section */
		5F69F5871C3710E500087D8E /* Build configuration list for PBXProject "recipez" */ = {
			isa = XCConfigurationList;
			buildConfigurations = (
				5F69F59F1C3710E500087D8E /* Debug */,
				5F69F5A01C3710E500087D8E /* Release */,
			);
			defaultConfigurationIsVisible = 0;
			defaultConfigurationName = Release;
		};
		5F69F5A11C3710E500087D8E /* Build configuration list for PBXNativeTarget "recipez" */ = {
			isa = XCConfigurationList;
			buildConfigurations = (
				5F69F5A21C3710E500087D8E /* Debug */,
				5F69F5A31C3710E500087D8E /* Release */,
			);
			defaultConfigurationIsVisible = 0;
		};
/* End XCConfigurationList section */

/* Begin XCVersionGroup section */
		5F69F5961C3710E500087D8E /* recipez.xcdatamodeld */ = {
			isa = XCVersionGroup;
			children = (
				5F69F5971C3710E500087D8E /* recipez.xcdatamodel */,
			);
			currentVersion = 5F69F5971C3710E500087D8E /* recipez.xcdatamodel */;
			path = recipez.xcdatamodeld;
			sourceTree = "<group>";
			versionGroupType = wrapper.xcdatamodel;
		};
/* End XCVersionGroup section */
	};
	rootObject = 5F69F5841C3710E500087D8E /* Project object */;
}
